<Solution>
  <Folder Name="/.github/" />
  <Folder Name="/.github/workflows/">
    <File Path=".github/workflows/publish-nuget-package.yml" />
  </Folder>
  <Folder Name="/iac/">
    <Project Path="iac/DetermineIfPublishNecessary/DetermineIfPublishNecessary.csproj" />
    <Project Path="iac/PublishToNuget/PublishToNuget.csproj" />
  </Folder>
  <Folder Name="/Solution Items/">
    <File Path=".editorconfig" />
    <File Path=".gitignore" />
    <File Path="Directory.Build.props" />
    <File Path="global.json" />
    <File Path="README.md" />
  </Folder>
  <Folder Name="/src/">
    <Project Path="src/SharpDbg.Application/SharpDbg.Application.csproj" />
    <Project Path="src/SharpDbg.Cli/SharpDbg.Cli.csproj" />
    <Project Path="src/SharpDbg.Infrastructure/SharpDbg.Infrastructure.csproj" />
    <Project Path="src/SharpDbg.InMemory/SharpDbg.InMemory.csproj" />
  </Folder>
  <Folder Name="/tests/">
    <Project Path="tests/DebuggableConsoleApp/DebuggableConsoleApp.csproj" />
    <Project Path="tests/DebuggableConsoleAppNetFx/DebuggableConsoleAppNetFx.csproj" />
    <Project Path="tests/SharpDbg.Cli.Tests/SharpDbg.Cli.Tests.csproj" />
  </Folder>
</Solution>